
Microsoft Visual Studio Solution File, Format Version 12.00
# Visual Studio Version 16
VisualStudioVersion = 16.0.32929.386
MinimumVisualStudioVersion = 10.0.40219.1
Project("{FAE04EC0-301F-11D3-BF4B-00C04F79EFBC}") = "TIC_TAC_TOE_Game", "TIC_TAC_TOE_Game\TIC_TAC_TOE_Game.csproj", "{D8BD11A2-230D-4C10-99BB-B28D9DE3ABF7}"
EndProject
Global
	GlobalSection(SolutionConfigurationPlatforms) = preSolution
		Debug|Any CPU = Debug|Any CPU
		Release|Any CPU = Release|Any CPU
	EndGlobalSection
	GlobalSection(ProjectConfigurationPlatforms) = postSolution
		{D8BD11A2-230D-4C10-99BB-B28D9DE3ABF7}.Debug|Any CPU.ActiveCfg = Debug|Any CPU
		{D8BD11A2-230D-4C10-99BB-B28D9DE3ABF7}.Debug|Any CPU.Build.0 = Debug|Any CPU
		{D8BD11A2-230D-4C10-99BB-B28D9DE3ABF7}.Release|Any CPU.ActiveCfg = Release|Any CPU
		{D8BD11A2-230D-4C10-99BB-B28D9DE3ABF7}.Release|Any CPU.Build.0 = Release|Any CPU
	EndGlobalSection
	GlobalSection(SolutionProperties) = preSolution
		HideSolutionNode = FALSE
	EndGlobalSection
	GlobalSection(ExtensibilityGlobals) = postSolution
		SolutionGuid = {9415B12D-5AA1-4E38-9C93-2736E809B5DC}
	EndGlobalSection
EndGlobal
